
Microsoft Visual Studio Solution File, Format Version 11.00
# Visual Studio 2010
Project("{2150E333-8FDC-42A3-9474-1A3956D46DE8}") = "libs", "libs", "{03C49B5E-F29C-4F7E-B871-72BD6D7D4C3B}"
EndProject
Project("{8BC9CEB8-8B4A-11D0-8D11-00A0C91BC942}") = "cstring.core", "projects\cstring.core\vc10\cstring.core.vcxproj", "{B3B93938-D299-8534-AD2A-702C0E0297EC}"
EndProject
Project("{2150E333-8FDC-42A3-9474-1A3956D46DE8}") = "Solution Items", "Solution Items", "{AD08C587-5F73-4144-ACE9-7282169536E9}"
EndProject
Project("{2150E333-8FDC-42A3-9474-1A3956D46DE8}") = "projects", "projects", "{787F9EBD-9E69-49D3-8C64-0A5291B3EAD1}"
EndProject
Project("{2150E333-8FDC-42A3-9474-1A3956D46DE8}") = "vcprops", "vcprops", "{32721009-EC01-419F-BFB6-A017272B40C5}"
	ProjectSection(SolutionItems) = preProject
		projects\vcprops\cstring.common.props = projects\vcprops\cstring.common.props
		projects\vcprops\cstring.example.props = projects\vcprops\cstring.example.props
		projects\vcprops\cstring.no-PCH.props = projects\vcprops\cstring.no-PCH.props
		projects\vcprops\cstring.test.Catch.props = projects\vcprops\cstring.test.Catch.props
		projects\vcprops\cstring.test.common.props = projects\vcprops\cstring.test.common.props
		projects\vcprops\cstring.test.scratch.props = projects\vcprops\cstring.test.scratch.props
		projects\vcprops\cstring.test.xTests.props = projects\vcprops\cstring.test.xTests.props
	EndProjectSection
EndProject
Project("{2150E333-8FDC-42A3-9474-1A3956D46DE8}") = "test", "test", "{0A74A981-4078-4E04-844E-5BCE9BDF655B}"
EndProject
Project("{2150E333-8FDC-42A3-9474-1A3956D46DE8}") = "component", "component", "{FD022BEA-4F2A-417C-80A4-8ACA0797325C}"
EndProject
Project("{8BC9CEB8-8B4A-11D0-8D11-00A0C91BC942}") = "test.component.cstring_readline", "test\component\test.component.cstring_readline\vc10\test.component.cstring_readline.vcxproj", "{DA9C49A8-E572-4732-B56A-25422A3E4C30}"
	ProjectSection(ProjectDependencies) = postProject
		{B3B93938-D299-8534-AD2A-702C0E0297EC} = {B3B93938-D299-8534-AD2A-702C0E0297EC}
	EndProjectSection
EndProject
Project("{8BC9CEB8-8B4A-11D0-8D11-00A0C91BC942}") = "test.component.cstring_writeline", "test\component\test.component.cstring_writeline\vc10\test.component.cstring_writeline.vcxproj", "{D5AC8F4D-06F0-4C4C-901E-4DD0D0F129DD}"
	ProjectSection(ProjectDependencies) = postProject
		{B3B93938-D299-8534-AD2A-702C0E0297EC} = {B3B93938-D299-8534-AD2A-702C0E0297EC}
	EndProjectSection
EndProject
Project("{2150E333-8FDC-42A3-9474-1A3956D46DE8}") = "scratch", "scratch", "{1FB80BDC-D2C0-462A-A36B-3D4D5D0411E1}"
EndProject
Project("{8BC9CEB8-8B4A-11D0-8D11-00A0C91BC942}") = "test.scratch.auto_buffer", "test\scratch\test.scratch.auto_buffer\vc10\test.scratch.auto_buffer.vcxproj", "{94B54AC2-9587-43F0-A468-DA6B6CB65F6C}"
	ProjectSection(ProjectDependencies) = postProject
		{B3B93938-D299-8534-AD2A-702C0E0297EC} = {B3B93938-D299-8534-AD2A-702C0E0297EC}
	EndProjectSection
EndProject
Project("{8BC9CEB8-8B4A-11D0-8D11-00A0C91BC942}") = "test.scratch.cstring", "test\scratch\test.scratch.cstring\vc10\test.scratch.cstring.vcxproj", "{F0F3F95F-7C30-45B2-A538-AD1A988B01EC}"
	ProjectSection(ProjectDependencies) = postProject
		{B3B93938-D299-8534-AD2A-702C0E0297EC} = {B3B93938-D299-8534-AD2A-702C0E0297EC}
	EndProjectSection
EndProject
Project("{8BC9CEB8-8B4A-11D0-8D11-00A0C91BC942}") = "test.scratch.cstring.dynload", "test\scratch\test.scratch.cstring.dynload\vc10\test.scratch.cstring.dynload.vcxproj", "{E0DE2C61-D884-4C32-9FD2-22FFCEE754D9}"
	ProjectSection(ProjectDependencies) = postProject
		{B3B93938-D299-8534-AD2A-702C0E0297EC} = {B3B93938-D299-8534-AD2A-702C0E0297EC}
	EndProjectSection
EndProject
Project("{8BC9CEB8-8B4A-11D0-8D11-00A0C91BC942}") = "test.scratch.cstring_create", "test\scratch\test.scratch.cstring_create\vc10\test.scratch.cstring_create.vcxproj", "{0316ABF0-7644-4687-BD62-9D7EB14D6B61}"
	ProjectSection(ProjectDependencies) = postProject
		{B3B93938-D299-8534-AD2A-702C0E0297EC} = {B3B93938-D299-8534-AD2A-702C0E0297EC}
	EndProjectSection
EndProject
Project("{8BC9CEB8-8B4A-11D0-8D11-00A0C91BC942}") = "test.scratch.HGLOBAL_on_x64", "test\scratch\test.scratch.HGLOBAL_on_x64\vc10\test.scratch.HGLOBAL_on_x64.vcxproj", "{7F09B064-AAEE-4307-9CA8-02E820ECFFBA}"
	ProjectSection(ProjectDependencies) = postProject
		{B3B93938-D299-8534-AD2A-702C0E0297EC} = {B3B93938-D299-8534-AD2A-702C0E0297EC}
	EndProjectSection
EndProject
Project("{2150E333-8FDC-42A3-9474-1A3956D46DE8}") = "unit", "unit", "{17B99003-A5AD-4790-99AA-9069F0FB6EB7}"
EndProject
Project("{8BC9CEB8-8B4A-11D0-8D11-00A0C91BC942}") = "test.unit.cstring.1", "test\unit\test.unit.cstring.1\vc10\test.unit.cstring.1.vcxproj", "{6BF5689D-6E8B-4D59-9E61-9CCA46B4D6CD}"
	ProjectSection(ProjectDependencies) = postProject
		{B3B93938-D299-8534-AD2A-702C0E0297EC} = {B3B93938-D299-8534-AD2A-702C0E0297EC}
	EndProjectSection
EndProject
Project("{8BC9CEB8-8B4A-11D0-8D11-00A0C91BC942}") = "test.unit.cstring.2", "test\unit\test.unit.cstring.2\vc10\test.unit.cstring.2.vcxproj", "{EEC739DC-2B38-4D1D-A817-D998CCCEF5FD}"
	ProjectSection(ProjectDependencies) = postProject
		{B3B93938-D299-8534-AD2A-702C0E0297EC} = {B3B93938-D299-8534-AD2A-702C0E0297EC}
	EndProjectSection
EndProject
Project("{8BC9CEB8-8B4A-11D0-8D11-00A0C91BC942}") = "test.unit.cstring.auto_buffer", "test\unit\test.unit.cstring.auto_buffer\vc10\test.unit.cstring.auto_buffer.vcxproj", "{0BB409A7-49BC-4707-BE54-20163DE41300}"
	ProjectSection(ProjectDependencies) = postProject
		{B3B93938-D299-8534-AD2A-702C0E0297EC} = {B3B93938-D299-8534-AD2A-702C0E0297EC}
	EndProjectSection
EndProject
Project("{8BC9CEB8-8B4A-11D0-8D11-00A0C91BC942}") = "test.unit.cstring.cstring_getStatusCodeString", "test\unit\test.unit.cstring.cstring_getStatusCodeString\vc10\test.unit.cstring.cstring_getStatusCodeString.vcxproj", "{8399C78F-6A41-488A-BA1A-AE1B0A790C23}"
	ProjectSection(ProjectDependencies) = postProject
		{B3B93938-D299-8534-AD2A-702C0E0297EC} = {B3B93938-D299-8534-AD2A-702C0E0297EC}
	EndProjectSection
EndProject
Global
	GlobalSection(SolutionConfigurationPlatforms) = preSolution
		Debug Multithreaded DLL|Win32 = Debug Multithreaded DLL|Win32
		Debug Multithreaded DLL|x64 = Debug Multithreaded DLL|x64
		Debug Multithreaded pseudoUNIX|Win32 = Debug Multithreaded pseudoUNIX|Win32
		Debug Multithreaded pseudoUNIX|x64 = Debug Multithreaded pseudoUNIX|x64
		Debug Multithreaded|Win32 = Debug Multithreaded|Win32
		Debug Multithreaded|x64 = Debug Multithreaded|x64
		Release Multithreaded DLL|Win32 = Release Multithreaded DLL|Win32
		Release Multithreaded DLL|x64 = Release Multithreaded DLL|x64
		Release Multithreaded pseudoUNIX|Win32 = Release Multithreaded pseudoUNIX|Win32
		Release Multithreaded pseudoUNIX|x64 = Release Multithreaded pseudoUNIX|x64
		Release Multithreaded|Win32 = Release Multithreaded|Win32
		Release Multithreaded|x64 = Release Multithreaded|x64
		Unicode Debug Multithreaded|Win32 = Unicode Debug Multithreaded|Win32
		Unicode Debug Multithreaded|x64 = Unicode Debug Multithreaded|x64
		Unicode Release Multithreaded|Win32 = Unicode Release Multithreaded|Win32
		Unicode Release Multithreaded|x64 = Unicode Release Multithreaded|x64
	EndGlobalSection
	GlobalSection(ProjectConfigurationPlatforms) = postSolution
		{B3B93938-D299-8534-AD2A-702C0E0297EC}.Debug Multithreaded DLL|Win32.ActiveCfg = Debug Multithreaded DLL|Win32
		{B3B93938-D299-8534-AD2A-702C0E0297EC}.Debug Multithreaded DLL|Win32.Build.0 = Debug Multithreaded DLL|Win32
		{B3B93938-D299-8534-AD2A-702C0E0297EC}.Debug Multithreaded DLL|x64.ActiveCfg = Debug Multithreaded DLL|x64
		{B3B93938-D299-8534-AD2A-702C0E0297EC}.Debug Multithreaded DLL|x64.Build.0 = Debug Multithreaded DLL|x64
		{B3B93938-D299-8534-AD2A-702C0E0297EC}.Debug Multithreaded pseudoUNIX|Win32.ActiveCfg = Debug Multithreaded pseudoUNIX|Win32
		{B3B93938-D299-8534-AD2A-702C0E0297EC}.Debug Multithreaded pseudoUNIX|Win32.Build.0 = Debug Multithreaded pseudoUNIX|Win32
		{B3B93938-D299-8534-AD2A-702C0E0297EC}.Debug Multithreaded pseudoUNIX|x64.ActiveCfg = Debug Multithreaded pseudoUNIX|x64
		{B3B93938-D299-8534-AD2A-702C0E0297EC}.Debug Multithreaded pseudoUNIX|x64.Build.0 = Debug Multithreaded pseudoUNIX|x64
		{B3B93938-D299-8534-AD2A-702C0E0297EC}.Debug Multithreaded|Win32.ActiveCfg = Debug Multithreaded|Win32
		{B3B93938-D299-8534-AD2A-702C0E0297EC}.Debug Multithreaded|Win32.Build.0 = Debug Multithreaded|Win32
		{B3B93938-D299-8534-AD2A-702C0E0297EC}.Debug Multithreaded|x64.ActiveCfg = Debug Multithreaded|x64
		{B3B93938-D299-8534-AD2A-702C0E0297EC}.Debug Multithreaded|x64.Build.0 = Debug Multithreaded|x64
		{B3B93938-D299-8534-AD2A-702C0E0297EC}.Release Multithreaded DLL|Win32.ActiveCfg = Release Multithreaded DLL|Win32
		{B3B93938-D299-8534-AD2A-702C0E0297EC}.Release Multithreaded DLL|Win32.Build.0 = Release Multithreaded DLL|Win32
		{B3B93938-D299-8534-AD2A-702C0E0297EC}.Release Multithreaded DLL|x64.ActiveCfg = Release Multithreaded DLL|x64
		{B3B93938-D299-8534-AD2A-702C0E0297EC}.Release Multithreaded DLL|x64.Build.0 = Release Multithreaded DLL|x64
		{B3B93938-D299-8534-AD2A-702C0E0297EC}.Release Multithreaded pseudoUNIX|Win32.ActiveCfg = Release Multithreaded pseudoUNIX|Win32
		{B3B93938-D299-8534-AD2A-702C0E0297EC}.Release Multithreaded pseudoUNIX|Win32.Build.0 = Release Multithreaded pseudoUNIX|Win32
		{B3B93938-D299-8534-AD2A-702C0E0297EC}.Release Multithreaded pseudoUNIX|x64.ActiveCfg = Release Multithreaded pseudoUNIX|x64
		{B3B93938-D299-8534-AD2A-702C0E0297EC}.Release Multithreaded pseudoUNIX|x64.Build.0 = Release Multithreaded pseudoUNIX|x64
		{B3B93938-D299-8534-AD2A-702C0E0297EC}.Release Multithreaded|Win32.ActiveCfg = Release Multithreaded|Win32
		{B3B93938-D299-8534-AD2A-702C0E0297EC}.Release Multithreaded|Win32.Build.0 = Release Multithreaded|Win32
		{B3B93938-D299-8534-AD2A-702C0E0297EC}.Release Multithreaded|x64.ActiveCfg = Release Multithreaded|x64
		{B3B93938-D299-8534-AD2A-702C0E0297EC}.Release Multithreaded|x64.Build.0 = Release Multithreaded|x64
		{B3B93938-D299-8534-AD2A-702C0E0297EC}.Unicode Debug Multithreaded|Win32.ActiveCfg = Unicode Debug Multithreaded|Win32
		{B3B93938-D299-8534-AD2A-702C0E0297EC}.Unicode Debug Multithreaded|Win32.Build.0 = Unicode Debug Multithreaded|Win32
		{B3B93938-D299-8534-AD2A-702C0E0297EC}.Unicode Debug Multithreaded|x64.ActiveCfg = Unicode Debug Multithreaded|x64
		{B3B93938-D299-8534-AD2A-702C0E0297EC}.Unicode Debug Multithreaded|x64.Build.0 = Unicode Debug Multithreaded|x64
		{B3B93938-D299-8534-AD2A-702C0E0297EC}.Unicode Release Multithreaded|Win32.ActiveCfg = Unicode Release Multithreaded|Win32
		{B3B93938-D299-8534-AD2A-702C0E0297EC}.Unicode Release Multithreaded|Win32.Build.0 = Unicode Release Multithreaded|Win32
		{B3B93938-D299-8534-AD2A-702C0E0297EC}.Unicode Release Multithreaded|x64.ActiveCfg = Unicode Release Multithreaded|x64
		{B3B93938-D299-8534-AD2A-702C0E0297EC}.Unicode Release Multithreaded|x64.Build.0 = Unicode Release Multithreaded|x64
		{DA9C49A8-E572-4732-B56A-25422A3E4C30}.Debug Multithreaded DLL|Win32.ActiveCfg = Debug Multithreaded DLL|Win32
		{DA9C49A8-E572-4732-B56A-25422A3E4C30}.Debug Multithreaded DLL|Win32.Build.0 = Debug Multithreaded DLL|Win32
		{DA9C49A8-E572-4732-B56A-25422A3E4C30}.Debug Multithreaded DLL|x64.ActiveCfg = Debug Multithreaded DLL|x64
		{DA9C49A8-E572-4732-B56A-25422A3E4C30}.Debug Multithreaded DLL|x64.Build.0 = Debug Multithreaded DLL|x64
		{DA9C49A8-E572-4732-B56A-25422A3E4C30}.Debug Multithreaded pseudoUNIX|Win32.ActiveCfg = Debug Multithreaded DLL|Win32
		{DA9C49A8-E572-4732-B56A-25422A3E4C30}.Debug Multithreaded pseudoUNIX|x64.ActiveCfg = Debug Multithreaded DLL|x64
		{DA9C49A8-E572-4732-B56A-25422A3E4C30}.Debug Multithreaded|Win32.ActiveCfg = Debug Multithreaded|Win32
		{DA9C49A8-E572-4732-B56A-25422A3E4C30}.Debug Multithreaded|Win32.Build.0 = Debug Multithreaded|Win32
		{DA9C49A8-E572-4732-B56A-25422A3E4C30}.Debug Multithreaded|x64.ActiveCfg = Debug Multithreaded|x64
		{DA9C49A8-E572-4732-B56A-25422A3E4C30}.Debug Multithreaded|x64.Build.0 = Debug Multithreaded|x64
		{DA9C49A8-E572-4732-B56A-25422A3E4C30}.Release Multithreaded DLL|Win32.ActiveCfg = Release Multithreaded DLL|Win32
		{DA9C49A8-E572-4732-B56A-25422A3E4C30}.Release Multithreaded DLL|Win32.Build.0 = Release Multithreaded DLL|Win32
		{DA9C49A8-E572-4732-B56A-25422A3E4C30}.Release Multithreaded DLL|x64.ActiveCfg = Release Multithreaded DLL|x64
		{DA9C49A8-E572-4732-B56A-25422A3E4C30}.Release Multithreaded DLL|x64.Build.0 = Release Multithreaded DLL|x64
		{DA9C49A8-E572-4732-B56A-25422A3E4C30}.Release Multithreaded pseudoUNIX|Win32.ActiveCfg = Release Multithreaded pseudoUNIX|Win32
		{DA9C49A8-E572-4732-B56A-25422A3E4C30}.Release Multithreaded pseudoUNIX|Win32.Build.0 = Release Multithreaded pseudoUNIX|Win32
		{DA9C49A8-E572-4732-B56A-25422A3E4C30}.Release Multithreaded pseudoUNIX|x64.ActiveCfg = Release Multithreaded pseudoUNIX|x64
		{DA9C49A8-E572-4732-B56A-25422A3E4C30}.Release Multithreaded pseudoUNIX|x64.Build.0 = Release Multithreaded pseudoUNIX|x64
		{DA9C49A8-E572-4732-B56A-25422A3E4C30}.Release Multithreaded|Win32.ActiveCfg = Release Multithreaded|Win32
		{DA9C49A8-E572-4732-B56A-25422A3E4C30}.Release Multithreaded|Win32.Build.0 = Release Multithreaded|Win32
		{DA9C49A8-E572-4732-B56A-25422A3E4C30}.Release Multithreaded|x64.ActiveCfg = Release Multithreaded|x64
		{DA9C49A8-E572-4732-B56A-25422A3E4C30}.Release Multithreaded|x64.Build.0 = Release Multithreaded|x64
		{DA9C49A8-E572-4732-B56A-25422A3E4C30}.Unicode Debug Multithreaded|Win32.ActiveCfg = Unicode Debug Multithreaded|Win32
		{DA9C49A8-E572-4732-B56A-25422A3E4C30}.Unicode Debug Multithreaded|Win32.Build.0 = Unicode Debug Multithreaded|Win32
		{DA9C49A8-E572-4732-B56A-25422A3E4C30}.Unicode Debug Multithreaded|x64.ActiveCfg = Unicode Debug Multithreaded|x64
		{DA9C49A8-E572-4732-B56A-25422A3E4C30}.Unicode Debug Multithreaded|x64.Build.0 = Unicode Debug Multithreaded|x64
		{DA9C49A8-E572-4732-B56A-25422A3E4C30}.Unicode Release Multithreaded|Win32.ActiveCfg = Unicode Release Multithreaded|Win32
		{DA9C49A8-E572-4732-B56A-25422A3E4C30}.Unicode Release Multithreaded|Win32.Build.0 = Unicode Release Multithreaded|Win32
		{DA9C49A8-E572-4732-B56A-25422A3E4C30}.Unicode Release Multithreaded|x64.ActiveCfg = Unicode Release Multithreaded|x64
		{DA9C49A8-E572-4732-B56A-25422A3E4C30}.Unicode Release Multithreaded|x64.Build.0 = Unicode Release Multithreaded|x64
		{D5AC8F4D-06F0-4C4C-901E-4DD0D0F129DD}.Debug Multithreaded DLL|Win32.ActiveCfg = Debug Multithreaded DLL|Win32
		{D5AC8F4D-06F0-4C4C-901E-4DD0D0F129DD}.Debug Multithreaded DLL|Win32.Build.0 = Debug Multithreaded DLL|Win32
		{D5AC8F4D-06F0-4C4C-901E-4DD0D0F129DD}.Debug Multithreaded DLL|x64.ActiveCfg = Debug Multithreaded DLL|x64
		{D5AC8F4D-06F0-4C4C-901E-4DD0D0F129DD}.Debug Multithreaded DLL|x64.Build.0 = Debug Multithreaded DLL|x64
		{D5AC8F4D-06F0-4C4C-901E-4DD0D0F129DD}.Debug Multithreaded pseudoUNIX|Win32.ActiveCfg = Debug Multithreaded DLL|Win32
		{D5AC8F4D-06F0-4C4C-901E-4DD0D0F129DD}.Debug Multithreaded pseudoUNIX|x64.ActiveCfg = Debug Multithreaded DLL|x64
		{D5AC8F4D-06F0-4C4C-901E-4DD0D0F129DD}.Debug Multithreaded|Win32.ActiveCfg = Debug Multithreaded|Win32
		{D5AC8F4D-06F0-4C4C-901E-4DD0D0F129DD}.Debug Multithreaded|Win32.Build.0 = Debug Multithreaded|Win32
		{D5AC8F4D-06F0-4C4C-901E-4DD0D0F129DD}.Debug Multithreaded|x64.ActiveCfg = Debug Multithreaded|x64
		{D5AC8F4D-06F0-4C4C-901E-4DD0D0F129DD}.Debug Multithreaded|x64.Build.0 = Debug Multithreaded|x64
		{D5AC8F4D-06F0-4C4C-901E-4DD0D0F129DD}.Release Multithreaded DLL|Win32.ActiveCfg = Release Multithreaded DLL|Win32
		{D5AC8F4D-06F0-4C4C-901E-4DD0D0F129DD}.Release Multithreaded DLL|Win32.Build.0 = Release Multithreaded DLL|Win32
		{D5AC8F4D-06F0-4C4C-901E-4DD0D0F129DD}.Release Multithreaded DLL|x64.ActiveCfg = Release Multithreaded DLL|x64
		{D5AC8F4D-06F0-4C4C-901E-4DD0D0F129DD}.Release Multithreaded DLL|x64.Build.0 = Release Multithreaded DLL|x64
		{D5AC8F4D-06F0-4C4C-901E-4DD0D0F129DD}.Release Multithreaded pseudoUNIX|Win32.ActiveCfg = Release Multithreaded pseudoUNIX|Win32
		{D5AC8F4D-06F0-4C4C-901E-4DD0D0F129DD}.Release Multithreaded pseudoUNIX|Win32.Build.0 = Release Multithreaded pseudoUNIX|Win32
		{D5AC8F4D-06F0-4C4C-901E-4DD0D0F129DD}.Release Multithreaded pseudoUNIX|x64.ActiveCfg = Release Multithreaded pseudoUNIX|x64
		{D5AC8F4D-06F0-4C4C-901E-4DD0D0F129DD}.Release Multithreaded pseudoUNIX|x64.Build.0 = Release Multithreaded pseudoUNIX|x64
		{D5AC8F4D-06F0-4C4C-901E-4DD0D0F129DD}.Release Multithreaded|Win32.ActiveCfg = Release Multithreaded|Win32
		{D5AC8F4D-06F0-4C4C-901E-4DD0D0F129DD}.Release Multithreaded|Win32.Build.0 = Release Multithreaded|Win32
		{D5AC8F4D-06F0-4C4C-901E-4DD0D0F129DD}.Release Multithreaded|x64.ActiveCfg = Release Multithreaded|x64
		{D5AC8F4D-06F0-4C4C-901E-4DD0D0F129DD}.Release Multithreaded|x64.Build.0 = Release Multithreaded|x64
		{D5AC8F4D-06F0-4C4C-901E-4DD0D0F129DD}.Unicode Debug Multithreaded|Win32.ActiveCfg = Unicode Debug Multithreaded|Win32
		{D5AC8F4D-06F0-4C4C-901E-4DD0D0F129DD}.Unicode Debug Multithreaded|Win32.Build.0 = Unicode Debug Multithreaded|Win32
		{D5AC8F4D-06F0-4C4C-901E-4DD0D0F129DD}.Unicode Debug Multithreaded|x64.ActiveCfg = Unicode Debug Multithreaded|x64
		{D5AC8F4D-06F0-4C4C-901E-4DD0D0F129DD}.Unicode Debug Multithreaded|x64.Build.0 = Unicode Debug Multithreaded|x64
		{D5AC8F4D-06F0-4C4C-901E-4DD0D0F129DD}.Unicode Release Multithreaded|Win32.ActiveCfg = Unicode Release Multithreaded|Win32
		{D5AC8F4D-06F0-4C4C-901E-4DD0D0F129DD}.Unicode Release Multithreaded|Win32.Build.0 = Unicode Release Multithreaded|Win32
		{D5AC8F4D-06F0-4C4C-901E-4DD0D0F129DD}.Unicode Release Multithreaded|x64.ActiveCfg = Unicode Release Multithreaded|x64
		{D5AC8F4D-06F0-4C4C-901E-4DD0D0F129DD}.Unicode Release Multithreaded|x64.Build.0 = Unicode Release Multithreaded|x64
		{94B54AC2-9587-43F0-A468-DA6B6CB65F6C}.Debug Multithreaded DLL|Win32.ActiveCfg = Debug Multithreaded DLL|Win32
		{94B54AC2-9587-43F0-A468-DA6B6CB65F6C}.Debug Multithreaded DLL|Win32.Build.0 = Debug Multithreaded DLL|Win32
		{94B54AC2-9587-43F0-A468-DA6B6CB65F6C}.Debug Multithreaded DLL|x64.ActiveCfg = Debug Multithreaded DLL|x64
		{94B54AC2-9587-43F0-A468-DA6B6CB65F6C}.Debug Multithreaded DLL|x64.Build.0 = Debug Multithreaded DLL|x64
		{94B54AC2-9587-43F0-A468-DA6B6CB65F6C}.Debug Multithreaded pseudoUNIX|Win32.ActiveCfg = Debug Multithreaded DLL|Win32
		{94B54AC2-9587-43F0-A468-DA6B6CB65F6C}.Debug Multithreaded pseudoUNIX|x64.ActiveCfg = Debug Multithreaded DLL|x64
		{94B54AC2-9587-43F0-A468-DA6B6CB65F6C}.Debug Multithreaded|Win32.ActiveCfg = Debug Multithreaded|Win32
		{94B54AC2-9587-43F0-A468-DA6B6CB65F6C}.Debug Multithreaded|Win32.Build.0 = Debug Multithreaded|Win32
		{94B54AC2-9587-43F0-A468-DA6B6CB65F6C}.Debug Multithreaded|x64.ActiveCfg = Debug Multithreaded|x64
		{94B54AC2-9587-43F0-A468-DA6B6CB65F6C}.Debug Multithreaded|x64.Build.0 = Debug Multithreaded|x64
		{94B54AC2-9587-43F0-A468-DA6B6CB65F6C}.Release Multithreaded DLL|Win32.ActiveCfg = Release Multithreaded DLL|Win32
		{94B54AC2-9587-43F0-A468-DA6B6CB65F6C}.Release Multithreaded DLL|Win32.Build.0 = Release Multithreaded DLL|Win32
		{94B54AC2-9587-43F0-A468-DA6B6CB65F6C}.Release Multithreaded DLL|x64.ActiveCfg = Release Multithreaded DLL|x64
		{94B54AC2-9587-43F0-A468-DA6B6CB65F6C}.Release Multithreaded DLL|x64.Build.0 = Release Multithreaded DLL|x64
		{94B54AC2-9587-43F0-A468-DA6B6CB65F6C}.Release Multithreaded pseudoUNIX|Win32.ActiveCfg = Release Multithreaded pseudoUNIX|Win32
		{94B54AC2-9587-43F0-A468-DA6B6CB65F6C}.Release Multithreaded pseudoUNIX|Win32.Build.0 = Release Multithreaded pseudoUNIX|Win32
		{94B54AC2-9587-43F0-A468-DA6B6CB65F6C}.Release Multithreaded pseudoUNIX|x64.ActiveCfg = Release Multithreaded pseudoUNIX|x64
		{94B54AC2-9587-43F0-A468-DA6B6CB65F6C}.Release Multithreaded pseudoUNIX|x64.Build.0 = Release Multithreaded pseudoUNIX|x64
		{94B54AC2-9587-43F0-A468-DA6B6CB65F6C}.Release Multithreaded|Win32.ActiveCfg = Release Multithreaded|Win32
		{94B54AC2-9587-43F0-A468-DA6B6CB65F6C}.Release Multithreaded|Win32.Build.0 = Release Multithreaded|Win32
		{94B54AC2-9587-43F0-A468-DA6B6CB65F6C}.Release Multithreaded|x64.ActiveCfg = Release Multithreaded|x64
		{94B54AC2-9587-43F0-A468-DA6B6CB65F6C}.Release Multithreaded|x64.Build.0 = Release Multithreaded|x64
		{94B54AC2-9587-43F0-A468-DA6B6CB65F6C}.Unicode Debug Multithreaded|Win32.ActiveCfg = Unicode Debug Multithreaded|Win32
		{94B54AC2-9587-43F0-A468-DA6B6CB65F6C}.Unicode Debug Multithreaded|Win32.Build.0 = Unicode Debug Multithreaded|Win32
		{94B54AC2-9587-43F0-A468-DA6B6CB65F6C}.Unicode Debug Multithreaded|x64.ActiveCfg = Unicode Debug Multithreaded|x64
		{94B54AC2-9587-43F0-A468-DA6B6CB65F6C}.Unicode Debug Multithreaded|x64.Build.0 = Unicode Debug Multithreaded|x64
		{94B54AC2-9587-43F0-A468-DA6B6CB65F6C}.Unicode Release Multithreaded|Win32.ActiveCfg = Unicode Release Multithreaded|Win32
		{94B54AC2-9587-43F0-A468-DA6B6CB65F6C}.Unicode Release Multithreaded|Win32.Build.0 = Unicode Release Multithreaded|Win32
		{94B54AC2-9587-43F0-A468-DA6B6CB65F6C}.Unicode Release Multithreaded|x64.ActiveCfg = Unicode Release Multithreaded|x64
		{94B54AC2-9587-43F0-A468-DA6B6CB65F6C}.Unicode Release Multithreaded|x64.Build.0 = Unicode Release Multithreaded|x64
		{F0F3F95F-7C30-45B2-A538-AD1A988B01EC}.Debug Multithreaded DLL|Win32.ActiveCfg = Debug Multithreaded DLL|Win32
		{F0F3F95F-7C30-45B2-A538-AD1A988B01EC}.Debug Multithreaded DLL|Win32.Build.0 = Debug Multithreaded DLL|Win32
		{F0F3F95F-7C30-45B2-A538-AD1A988B01EC}.Debug Multithreaded DLL|x64.ActiveCfg = Debug Multithreaded DLL|x64
		{F0F3F95F-7C30-45B2-A538-AD1A988B01EC}.Debug Multithreaded DLL|x64.Build.0 = Debug Multithreaded DLL|x64
		{F0F3F95F-7C30-45B2-A538-AD1A988B01EC}.Debug Multithreaded pseudoUNIX|Win32.ActiveCfg = Debug Multithreaded DLL|Win32
		{F0F3F95F-7C30-45B2-A538-AD1A988B01EC}.Debug Multithreaded pseudoUNIX|x64.ActiveCfg = Debug Multithreaded DLL|x64
		{F0F3F95F-7C30-45B2-A538-AD1A988B01EC}.Debug Multithreaded|Win32.ActiveCfg = Debug Multithreaded|Win32
		{F0F3F95F-7C30-45B2-A538-AD1A988B01EC}.Debug Multithreaded|Win32.Build.0 = Debug Multithreaded|Win32
		{F0F3F95F-7C30-45B2-A538-AD1A988B01EC}.Debug Multithreaded|x64.ActiveCfg = Debug Multithreaded|x64
		{F0F3F95F-7C30-45B2-A538-AD1A988B01EC}.Debug Multithreaded|x64.Build.0 = Debug Multithreaded|x64
		{F0F3F95F-7C30-45B2-A538-AD1A988B01EC}.Release Multithreaded DLL|Win32.ActiveCfg = Release Multithreaded DLL|Win32
		{F0F3F95F-7C30-45B2-A538-AD1A988B01EC}.Release Multithreaded DLL|Win32.Build.0 = Release Multithreaded DLL|Win32
		{F0F3F95F-7C30-45B2-A538-AD1A988B01EC}.Release Multithreaded DLL|x64.ActiveCfg = Release Multithreaded DLL|x64
		{F0F3F95F-7C30-45B2-A538-AD1A988B01EC}.Release Multithreaded DLL|x64.Build.0 = Release Multithreaded DLL|x64
		{F0F3F95F-7C30-45B2-A538-AD1A988B01EC}.Release Multithreaded pseudoUNIX|Win32.ActiveCfg = Release Multithreaded pseudoUNIX|Win32
		{F0F3F95F-7C30-45B2-A538-AD1A988B01EC}.Release Multithreaded pseudoUNIX|Win32.Build.0 = Release Multithreaded pseudoUNIX|Win32
		{F0F3F95F-7C30-45B2-A538-AD1A988B01EC}.Release Multithreaded pseudoUNIX|x64.ActiveCfg = Release Multithreaded pseudoUNIX|x64
		{F0F3F95F-7C30-45B2-A538-AD1A988B01EC}.Release Multithreaded pseudoUNIX|x64.Build.0 = Release Multithreaded pseudoUNIX|x64
		{F0F3F95F-7C30-45B2-A538-AD1A988B01EC}.Release Multithreaded|Win32.ActiveCfg = Release Multithreaded|Win32
		{F0F3F95F-7C30-45B2-A538-AD1A988B01EC}.Release Multithreaded|Win32.Build.0 = Release Multithreaded|Win32
		{F0F3F95F-7C30-45B2-A538-AD1A988B01EC}.Release Multithreaded|x64.ActiveCfg = Release Multithreaded|x64
		{F0F3F95F-7C30-45B2-A538-AD1A988B01EC}.Release Multithreaded|x64.Build.0 = Release Multithreaded|x64
		{F0F3F95F-7C30-45B2-A538-AD1A988B01EC}.Unicode Debug Multithreaded|Win32.ActiveCfg = Unicode Debug Multithreaded|Win32
		{F0F3F95F-7C30-45B2-A538-AD1A988B01EC}.Unicode Debug Multithreaded|Win32.Build.0 = Unicode Debug Multithreaded|Win32
		{F0F3F95F-7C30-45B2-A538-AD1A988B01EC}.Unicode Debug Multithreaded|x64.ActiveCfg = Unicode Debug Multithreaded|x64
		{F0F3F95F-7C30-45B2-A538-AD1A988B01EC}.Unicode Debug Multithreaded|x64.Build.0 = Unicode Debug Multithreaded|x64
		{F0F3F95F-7C30-45B2-A538-AD1A988B01EC}.Unicode Release Multithreaded|Win32.ActiveCfg = Unicode Release Multithreaded|Win32
		{F0F3F95F-7C30-45B2-A538-AD1A988B01EC}.Unicode Release Multithreaded|Win32.Build.0 = Unicode Release Multithreaded|Win32
		{F0F3F95F-7C30-45B2-A538-AD1A988B01EC}.Unicode Release Multithreaded|x64.ActiveCfg = Unicode Release Multithreaded|x64
		{F0F3F95F-7C30-45B2-A538-AD1A988B01EC}.Unicode Release Multithreaded|x64.Build.0 = Unicode Release Multithreaded|x64
		{E0DE2C61-D884-4C32-9FD2-22FFCEE754D9}.Debug Multithreaded DLL|Win32.ActiveCfg = Debug Multithreaded DLL|Win32
		{E0DE2C61-D884-4C32-9FD2-22FFCEE754D9}.Debug Multithreaded DLL|x64.ActiveCfg = Debug Multithreaded DLL|x64
		{E0DE2C61-D884-4C32-9FD2-22FFCEE754D9}.Debug Multithreaded pseudoUNIX|Win32.ActiveCfg = Debug Multithreaded|Win32
		{E0DE2C61-D884-4C32-9FD2-22FFCEE754D9}.Debug Multithreaded pseudoUNIX|x64.ActiveCfg = Debug Multithreaded|x64
		{E0DE2C61-D884-4C32-9FD2-22FFCEE754D9}.Debug Multithreaded|Win32.ActiveCfg = Debug Multithreaded|Win32
		{E0DE2C61-D884-4C32-9FD2-22FFCEE754D9}.Debug Multithreaded|x64.ActiveCfg = Debug Multithreaded|x64
		{E0DE2C61-D884-4C32-9FD2-22FFCEE754D9}.Release Multithreaded DLL|Win32.ActiveCfg = Release Multithreaded DLL|Win32
		{E0DE2C61-D884-4C32-9FD2-22FFCEE754D9}.Release Multithreaded DLL|Win32.Build.0 = Release Multithreaded DLL|Win32
		{E0DE2C61-D884-4C32-9FD2-22FFCEE754D9}.Release Multithreaded DLL|x64.ActiveCfg = Release Multithreaded DLL|x64
		{E0DE2C61-D884-4C32-9FD2-22FFCEE754D9}.Release Multithreaded DLL|x64.Build.0 = Release Multithreaded DLL|x64
		{E0DE2C61-D884-4C32-9FD2-22FFCEE754D9}.Release Multithreaded pseudoUNIX|Win32.ActiveCfg = Release Multithreaded|Win32
		{E0DE2C61-D884-4C32-9FD2-22FFCEE754D9}.Release Multithreaded pseudoUNIX|x64.ActiveCfg = Release Multithreaded|x64
		{E0DE2C61-D884-4C32-9FD2-22FFCEE754D9}.Release Multithreaded|Win32.ActiveCfg = Release Multithreaded|Win32
		{E0DE2C61-D884-4C32-9FD2-22FFCEE754D9}.Release Multithreaded|Win32.Build.0 = Release Multithreaded|Win32
		{E0DE2C61-D884-4C32-9FD2-22FFCEE754D9}.Release Multithreaded|x64.ActiveCfg = Release Multithreaded|x64
		{E0DE2C61-D884-4C32-9FD2-22FFCEE754D9}.Release Multithreaded|x64.Build.0 = Release Multithreaded|x64
		{E0DE2C61-D884-4C32-9FD2-22FFCEE754D9}.Unicode Debug Multithreaded|Win32.ActiveCfg = Unicode Debug Multithreaded|Win32
		{E0DE2C61-D884-4C32-9FD2-22FFCEE754D9}.Unicode Debug Multithreaded|Win32.Build.0 = Unicode Debug Multithreaded|Win32
		{E0DE2C61-D884-4C32-9FD2-22FFCEE754D9}.Unicode Debug Multithreaded|x64.ActiveCfg = Unicode Debug Multithreaded|x64
		{E0DE2C61-D884-4C32-9FD2-22FFCEE754D9}.Unicode Debug Multithreaded|x64.Build.0 = Unicode Debug Multithreaded|x64
		{E0DE2C61-D884-4C32-9FD2-22FFCEE754D9}.Unicode Release Multithreaded|Win32.ActiveCfg = Unicode Release Multithreaded|Win32
		{E0DE2C61-D884-4C32-9FD2-22FFCEE754D9}.Unicode Release Multithreaded|Win32.Build.0 = Unicode Release Multithreaded|Win32
		{E0DE2C61-D884-4C32-9FD2-22FFCEE754D9}.Unicode Release Multithreaded|x64.ActiveCfg = Unicode Release Multithreaded|x64
		{E0DE2C61-D884-4C32-9FD2-22FFCEE754D9}.Unicode Release Multithreaded|x64.Build.0 = Unicode Release Multithreaded|x64
		{0316ABF0-7644-4687-BD62-9D7EB14D6B61}.Debug Multithreaded DLL|Win32.ActiveCfg = Debug Multithreaded DLL|Win32
		{0316ABF0-7644-4687-BD62-9D7EB14D6B61}.Debug Multithreaded DLL|Win32.Build.0 = Debug Multithreaded DLL|Win32
		{0316ABF0-7644-4687-BD62-9D7EB14D6B61}.Debug Multithreaded DLL|x64.ActiveCfg = Debug Multithreaded DLL|x64
		{0316ABF0-7644-4687-BD62-9D7EB14D6B61}.Debug Multithreaded DLL|x64.Build.0 = Debug Multithreaded DLL|x64
		{0316ABF0-7644-4687-BD62-9D7EB14D6B61}.Debug Multithreaded pseudoUNIX|Win32.ActiveCfg = Debug Multithreaded DLL|Win32
		{0316ABF0-7644-4687-BD62-9D7EB14D6B61}.Debug Multithreaded pseudoUNIX|x64.ActiveCfg = Debug Multithreaded DLL|x64
		{0316ABF0-7644-4687-BD62-9D7EB14D6B61}.Debug Multithreaded|Win32.ActiveCfg = Debug Multithreaded|Win32
		{0316ABF0-7644-4687-BD62-9D7EB14D6B61}.Debug Multithreaded|Win32.Build.0 = Debug Multithreaded|Win32
		{0316ABF0-7644-4687-BD62-9D7EB14D6B61}.Debug Multithreaded|x64.ActiveCfg = Debug Multithreaded|x64
		{0316ABF0-7644-4687-BD62-9D7EB14D6B61}.Debug Multithreaded|x64.Build.0 = Debug Multithreaded|x64
		{0316ABF0-7644-4687-BD62-9D7EB14D6B61}.Release Multithreaded DLL|Win32.ActiveCfg = Release Multithreaded DLL|Win32
		{0316ABF0-7644-4687-BD62-9D7EB14D6B61}.Release Multithreaded DLL|Win32.Build.0 = Release Multithreaded DLL|Win32
		{0316ABF0-7644-4687-BD62-9D7EB14D6B61}.Release Multithreaded DLL|x64.ActiveCfg = Release Multithreaded DLL|x64
		{0316ABF0-7644-4687-BD62-9D7EB14D6B61}.Release Multithreaded DLL|x64.Build.0 = Release Multithreaded DLL|x64
		{0316ABF0-7644-4687-BD62-9D7EB14D6B61}.Release Multithreaded pseudoUNIX|Win32.ActiveCfg = Release Multithreaded pseudoUNIX|Win32
		{0316ABF0-7644-4687-BD62-9D7EB14D6B61}.Release Multithreaded pseudoUNIX|Win32.Build.0 = Release Multithreaded pseudoUNIX|Win32
		{0316ABF0-7644-4687-BD62-9D7EB14D6B61}.Release Multithreaded pseudoUNIX|x64.ActiveCfg = Release Multithreaded pseudoUNIX|x64
		{0316ABF0-7644-4687-BD62-9D7EB14D6B61}.Release Multithreaded pseudoUNIX|x64.Build.0 = Release Multithreaded pseudoUNIX|x64
		{0316ABF0-7644-4687-BD62-9D7EB14D6B61}.Release Multithreaded|Win32.ActiveCfg = Release Multithreaded|Win32
		{0316ABF0-7644-4687-BD62-9D7EB14D6B61}.Release Multithreaded|Win32.Build.0 = Release Multithreaded|Win32
		{0316ABF0-7644-4687-BD62-9D7EB14D6B61}.Release Multithreaded|x64.ActiveCfg = Release Multithreaded|x64
		{0316ABF0-7644-4687-BD62-9D7EB14D6B61}.Release Multithreaded|x64.Build.0 = Release Multithreaded|x64
		{0316ABF0-7644-4687-BD62-9D7EB14D6B61}.Unicode Debug Multithreaded|Win32.ActiveCfg = Unicode Debug Multithreaded|Win32
		{0316ABF0-7644-4687-BD62-9D7EB14D6B61}.Unicode Debug Multithreaded|Win32.Build.0 = Unicode Debug Multithreaded|Win32
		{0316ABF0-7644-4687-BD62-9D7EB14D6B61}.Unicode Debug Multithreaded|x64.ActiveCfg = Unicode Debug Multithreaded|x64
		{0316ABF0-7644-4687-BD62-9D7EB14D6B61}.Unicode Debug Multithreaded|x64.Build.0 = Unicode Debug Multithreaded|x64
		{0316ABF0-7644-4687-BD62-9D7EB14D6B61}.Unicode Release Multithreaded|Win32.ActiveCfg = Unicode Release Multithreaded|Win32
		{0316ABF0-7644-4687-BD62-9D7EB14D6B61}.Unicode Release Multithreaded|Win32.Build.0 = Unicode Release Multithreaded|Win32
		{0316ABF0-7644-4687-BD62-9D7EB14D6B61}.Unicode Release Multithreaded|x64.ActiveCfg = Unicode Release Multithreaded|x64
		{0316ABF0-7644-4687-BD62-9D7EB14D6B61}.Unicode Release Multithreaded|x64.Build.0 = Unicode Release Multithreaded|x64
		{7F09B064-AAEE-4307-9CA8-02E820ECFFBA}.Debug Multithreaded DLL|Win32.ActiveCfg = Debug Multithreaded DLL|Win32
		{7F09B064-AAEE-4307-9CA8-02E820ECFFBA}.Debug Multithreaded DLL|Win32.Build.0 = Debug Multithreaded DLL|Win32
		{7F09B064-AAEE-4307-9CA8-02E820ECFFBA}.Debug Multithreaded DLL|x64.ActiveCfg = Debug Multithreaded DLL|x64
		{7F09B064-AAEE-4307-9CA8-02E820ECFFBA}.Debug Multithreaded DLL|x64.Build.0 = Debug Multithreaded DLL|x64
		{7F09B064-AAEE-4307-9CA8-02E820ECFFBA}.Debug Multithreaded pseudoUNIX|Win32.ActiveCfg = Debug Multithreaded DLL|Win32
		{7F09B064-AAEE-4307-9CA8-02E820ECFFBA}.Debug Multithreaded pseudoUNIX|x64.ActiveCfg = Debug Multithreaded DLL|x64
		{7F09B064-AAEE-4307-9CA8-02E820ECFFBA}.Debug Multithreaded|Win32.ActiveCfg = Debug Multithreaded|Win32
		{7F09B064-AAEE-4307-9CA8-02E820ECFFBA}.Debug Multithreaded|Win32.Build.0 = Debug Multithreaded|Win32
		{7F09B064-AAEE-4307-9CA8-02E820ECFFBA}.Debug Multithreaded|x64.ActiveCfg = Debug Multithreaded|x64
		{7F09B064-AAEE-4307-9CA8-02E820ECFFBA}.Debug Multithreaded|x64.Build.0 = Debug Multithreaded|x64
		{7F09B064-AAEE-4307-9CA8-02E820ECFFBA}.Release Multithreaded DLL|Win32.ActiveCfg = Release Multithreaded DLL|Win32
		{7F09B064-AAEE-4307-9CA8-02E820ECFFBA}.Release Multithreaded DLL|Win32.Build.0 = Release Multithreaded DLL|Win32
		{7F09B064-AAEE-4307-9CA8-02E820ECFFBA}.Release Multithreaded DLL|x64.ActiveCfg = Release Multithreaded DLL|x64
		{7F09B064-AAEE-4307-9CA8-02E820ECFFBA}.Release Multithreaded DLL|x64.Build.0 = Release Multithreaded DLL|x64
		{7F09B064-AAEE-4307-9CA8-02E820ECFFBA}.Release Multithreaded pseudoUNIX|Win32.ActiveCfg = Release Multithreaded|Win32
		{7F09B064-AAEE-4307-9CA8-02E820ECFFBA}.Release Multithreaded pseudoUNIX|x64.ActiveCfg = Release Multithreaded|x64
		{7F09B064-AAEE-4307-9CA8-02E820ECFFBA}.Release Multithreaded|Win32.ActiveCfg = Release Multithreaded|Win32
		{7F09B064-AAEE-4307-9CA8-02E820ECFFBA}.Release Multithreaded|Win32.Build.0 = Release Multithreaded|Win32
		{7F09B064-AAEE-4307-9CA8-02E820ECFFBA}.Release Multithreaded|x64.ActiveCfg = Release Multithreaded|x64
		{7F09B064-AAEE-4307-9CA8-02E820ECFFBA}.Release Multithreaded|x64.Build.0 = Release Multithreaded|x64
		{7F09B064-AAEE-4307-9CA8-02E820ECFFBA}.Unicode Debug Multithreaded|Win32.ActiveCfg = Unicode Debug Multithreaded|Win32
		{7F09B064-AAEE-4307-9CA8-02E820ECFFBA}.Unicode Debug Multithreaded|Win32.Build.0 = Unicode Debug Multithreaded|Win32
		{7F09B064-AAEE-4307-9CA8-02E820ECFFBA}.Unicode Debug Multithreaded|x64.ActiveCfg = Unicode Debug Multithreaded|x64
		{7F09B064-AAEE-4307-9CA8-02E820ECFFBA}.Unicode Debug Multithreaded|x64.Build.0 = Unicode Debug Multithreaded|x64
		{7F09B064-AAEE-4307-9CA8-02E820ECFFBA}.Unicode Release Multithreaded|Win32.ActiveCfg = Unicode Release Multithreaded|Win32
		{7F09B064-AAEE-4307-9CA8-02E820ECFFBA}.Unicode Release Multithreaded|Win32.Build.0 = Unicode Release Multithreaded|Win32
		{7F09B064-AAEE-4307-9CA8-02E820ECFFBA}.Unicode Release Multithreaded|x64.ActiveCfg = Unicode Release Multithreaded|x64
		{7F09B064-AAEE-4307-9CA8-02E820ECFFBA}.Unicode Release Multithreaded|x64.Build.0 = Unicode Release Multithreaded|x64
		{6BF5689D-6E8B-4D59-9E61-9CCA46B4D6CD}.Debug Multithreaded DLL|Win32.ActiveCfg = Debug Multithreaded DLL|Win32
		{6BF5689D-6E8B-4D59-9E61-9CCA46B4D6CD}.Debug Multithreaded DLL|Win32.Build.0 = Debug Multithreaded DLL|Win32
		{6BF5689D-6E8B-4D59-9E61-9CCA46B4D6CD}.Debug Multithreaded DLL|x64.ActiveCfg = Debug Multithreaded DLL|x64
		{6BF5689D-6E8B-4D59-9E61-9CCA46B4D6CD}.Debug Multithreaded DLL|x64.Build.0 = Debug Multithreaded DLL|x64
		{6BF5689D-6E8B-4D59-9E61-9CCA46B4D6CD}.Debug Multithreaded pseudoUNIX|Win32.ActiveCfg = Debug Multithreaded DLL|Win32
		{6BF5689D-6E8B-4D59-9E61-9CCA46B4D6CD}.Debug Multithreaded pseudoUNIX|x64.ActiveCfg = Debug Multithreaded DLL|x64
		{6BF5689D-6E8B-4D59-9E61-9CCA46B4D6CD}.Debug Multithreaded|Win32.ActiveCfg = Debug Multithreaded|Win32
		{6BF5689D-6E8B-4D59-9E61-9CCA46B4D6CD}.Debug Multithreaded|Win32.Build.0 = Debug Multithreaded|Win32
		{6BF5689D-6E8B-4D59-9E61-9CCA46B4D6CD}.Debug Multithreaded|x64.ActiveCfg = Debug Multithreaded|x64
		{6BF5689D-6E8B-4D59-9E61-9CCA46B4D6CD}.Debug Multithreaded|x64.Build.0 = Debug Multithreaded|x64
		{6BF5689D-6E8B-4D59-9E61-9CCA46B4D6CD}.Release Multithreaded DLL|Win32.ActiveCfg = Release Multithreaded DLL|Win32
		{6BF5689D-6E8B-4D59-9E61-9CCA46B4D6CD}.Release Multithreaded DLL|Win32.Build.0 = Release Multithreaded DLL|Win32
		{6BF5689D-6E8B-4D59-9E61-9CCA46B4D6CD}.Release Multithreaded DLL|x64.ActiveCfg = Release Multithreaded DLL|x64
		{6BF5689D-6E8B-4D59-9E61-9CCA46B4D6CD}.Release Multithreaded DLL|x64.Build.0 = Release Multithreaded DLL|x64
		{6BF5689D-6E8B-4D59-9E61-9CCA46B4D6CD}.Release Multithreaded pseudoUNIX|Win32.ActiveCfg = Release Multithreaded pseudoUNIX|Win32
		{6BF5689D-6E8B-4D59-9E61-9CCA46B4D6CD}.Release Multithreaded pseudoUNIX|Win32.Build.0 = Release Multithreaded pseudoUNIX|Win32
		{6BF5689D-6E8B-4D59-9E61-9CCA46B4D6CD}.Release Multithreaded pseudoUNIX|x64.ActiveCfg = Release Multithreaded pseudoUNIX|x64
		{6BF5689D-6E8B-4D59-9E61-9CCA46B4D6CD}.Release Multithreaded pseudoUNIX|x64.Build.0 = Release Multithreaded pseudoUNIX|x64
		{6BF5689D-6E8B-4D59-9E61-9CCA46B4D6CD}.Release Multithreaded|Win32.ActiveCfg = Release Multithreaded|Win32
		{6BF5689D-6E8B-4D59-9E61-9CCA46B4D6CD}.Release Multithreaded|Win32.Build.0 = Release Multithreaded|Win32
		{6BF5689D-6E8B-4D59-9E61-9CCA46B4D6CD}.Release Multithreaded|x64.ActiveCfg = Release Multithreaded|x64
		{6BF5689D-6E8B-4D59-9E61-9CCA46B4D6CD}.Release Multithreaded|x64.Build.0 = Release Multithreaded|x64
		{6BF5689D-6E8B-4D59-9E61-9CCA46B4D6CD}.Unicode Debug Multithreaded|Win32.ActiveCfg = Unicode Debug Multithreaded|Win32
		{6BF5689D-6E8B-4D59-9E61-9CCA46B4D6CD}.Unicode Debug Multithreaded|Win32.Build.0 = Unicode Debug Multithreaded|Win32
		{6BF5689D-6E8B-4D59-9E61-9CCA46B4D6CD}.Unicode Debug Multithreaded|x64.ActiveCfg = Unicode Debug Multithreaded|x64
		{6BF5689D-6E8B-4D59-9E61-9CCA46B4D6CD}.Unicode Debug Multithreaded|x64.Build.0 = Unicode Debug Multithreaded|x64
		{6BF5689D-6E8B-4D59-9E61-9CCA46B4D6CD}.Unicode Release Multithreaded|Win32.ActiveCfg = Unicode Release Multithreaded|Win32
		{6BF5689D-6E8B-4D59-9E61-9CCA46B4D6CD}.Unicode Release Multithreaded|Win32.Build.0 = Unicode Release Multithreaded|Win32
		{6BF5689D-6E8B-4D59-9E61-9CCA46B4D6CD}.Unicode Release Multithreaded|x64.ActiveCfg = Unicode Release Multithreaded|x64
		{6BF5689D-6E8B-4D59-9E61-9CCA46B4D6CD}.Unicode Release Multithreaded|x64.Build.0 = Unicode Release Multithreaded|x64
		{EEC739DC-2B38-4D1D-A817-D998CCCEF5FD}.Debug Multithreaded DLL|Win32.ActiveCfg = Debug Multithreaded DLL|Win32
		{EEC739DC-2B38-4D1D-A817-D998CCCEF5FD}.Debug Multithreaded DLL|Win32.Build.0 = Debug Multithreaded DLL|Win32
		{EEC739DC-2B38-4D1D-A817-D998CCCEF5FD}.Debug Multithreaded DLL|x64.ActiveCfg = Debug Multithreaded DLL|x64
		{EEC739DC-2B38-4D1D-A817-D998CCCEF5FD}.Debug Multithreaded DLL|x64.Build.0 = Debug Multithreaded DLL|x64
		{EEC739DC-2B38-4D1D-A817-D998CCCEF5FD}.Debug Multithreaded pseudoUNIX|Win32.ActiveCfg = Debug Multithreaded DLL|Win32
		{EEC739DC-2B38-4D1D-A817-D998CCCEF5FD}.Debug Multithreaded pseudoUNIX|x64.ActiveCfg = Debug Multithreaded DLL|x64
		{EEC739DC-2B38-4D1D-A817-D998CCCEF5FD}.Debug Multithreaded|Win32.ActiveCfg = Debug Multithreaded|Win32
		{EEC739DC-2B38-4D1D-A817-D998CCCEF5FD}.Debug Multithreaded|Win32.Build.0 = Debug Multithreaded|Win32
		{EEC739DC-2B38-4D1D-A817-D998CCCEF5FD}.Debug Multithreaded|x64.ActiveCfg = Debug Multithreaded|x64
		{EEC739DC-2B38-4D1D-A817-D998CCCEF5FD}.Debug Multithreaded|x64.Build.0 = Debug Multithreaded|x64
		{EEC739DC-2B38-4D1D-A817-D998CCCEF5FD}.Release Multithreaded DLL|Win32.ActiveCfg = Release Multithreaded DLL|Win32
		{EEC739DC-2B38-4D1D-A817-D998CCCEF5FD}.Release Multithreaded DLL|Win32.Build.0 = Release Multithreaded DLL|Win32
		{EEC739DC-2B38-4D1D-A817-D998CCCEF5FD}.Release Multithreaded DLL|x64.ActiveCfg = Release Multithreaded DLL|x64
		{EEC739DC-2B38-4D1D-A817-D998CCCEF5FD}.Release Multithreaded DLL|x64.Build.0 = Release Multithreaded DLL|x64
		{EEC739DC-2B38-4D1D-A817-D998CCCEF5FD}.Release Multithreaded pseudoUNIX|Win32.ActiveCfg = Release Multithreaded pseudoUNIX|Win32
		{EEC739DC-2B38-4D1D-A817-D998CCCEF5FD}.Release Multithreaded pseudoUNIX|Win32.Build.0 = Release Multithreaded pseudoUNIX|Win32
		{EEC739DC-2B38-4D1D-A817-D998CCCEF5FD}.Release Multithreaded pseudoUNIX|x64.ActiveCfg = Release Multithreaded pseudoUNIX|x64
		{EEC739DC-2B38-4D1D-A817-D998CCCEF5FD}.Release Multithreaded pseudoUNIX|x64.Build.0 = Release Multithreaded pseudoUNIX|x64
		{EEC739DC-2B38-4D1D-A817-D998CCCEF5FD}.Release Multithreaded|Win32.ActiveCfg = Release Multithreaded|Win32
		{EEC739DC-2B38-4D1D-A817-D998CCCEF5FD}.Release Multithreaded|Win32.Build.0 = Release Multithreaded|Win32
		{EEC739DC-2B38-4D1D-A817-D998CCCEF5FD}.Release Multithreaded|x64.ActiveCfg = Release Multithreaded|x64
		{EEC739DC-2B38-4D1D-A817-D998CCCEF5FD}.Release Multithreaded|x64.Build.0 = Release Multithreaded|x64
		{EEC739DC-2B38-4D1D-A817-D998CCCEF5FD}.Unicode Debug Multithreaded|Win32.ActiveCfg = Unicode Debug Multithreaded|Win32
		{EEC739DC-2B38-4D1D-A817-D998CCCEF5FD}.Unicode Debug Multithreaded|Win32.Build.0 = Unicode Debug Multithreaded|Win32
		{EEC739DC-2B38-4D1D-A817-D998CCCEF5FD}.Unicode Debug Multithreaded|x64.ActiveCfg = Unicode Debug Multithreaded|x64
		{EEC739DC-2B38-4D1D-A817-D998CCCEF5FD}.Unicode Debug Multithreaded|x64.Build.0 = Unicode Debug Multithreaded|x64
		{EEC739DC-2B38-4D1D-A817-D998CCCEF5FD}.Unicode Release Multithreaded|Win32.ActiveCfg = Unicode Release Multithreaded|Win32
		{EEC739DC-2B38-4D1D-A817-D998CCCEF5FD}.Unicode Release Multithreaded|Win32.Build.0 = Unicode Release Multithreaded|Win32
		{EEC739DC-2B38-4D1D-A817-D998CCCEF5FD}.Unicode Release Multithreaded|x64.ActiveCfg = Unicode Release Multithreaded|x64
		{EEC739DC-2B38-4D1D-A817-D998CCCEF5FD}.Unicode Release Multithreaded|x64.Build.0 = Unicode Release Multithreaded|x64
		{0BB409A7-49BC-4707-BE54-20163DE41300}.Debug Multithreaded DLL|Win32.ActiveCfg = Debug Multithreaded DLL|Win32
		{0BB409A7-49BC-4707-BE54-20163DE41300}.Debug Multithreaded DLL|Win32.Build.0 = Debug Multithreaded DLL|Win32
		{0BB409A7-49BC-4707-BE54-20163DE41300}.Debug Multithreaded DLL|x64.ActiveCfg = Debug Multithreaded DLL|x64
		{0BB409A7-49BC-4707-BE54-20163DE41300}.Debug Multithreaded DLL|x64.Build.0 = Debug Multithreaded DLL|x64
		{0BB409A7-49BC-4707-BE54-20163DE41300}.Debug Multithreaded pseudoUNIX|Win32.ActiveCfg = Debug Multithreaded DLL|Win32
		{0BB409A7-49BC-4707-BE54-20163DE41300}.Debug Multithreaded pseudoUNIX|x64.ActiveCfg = Debug Multithreaded DLL|x64
		{0BB409A7-49BC-4707-BE54-20163DE41300}.Debug Multithreaded|Win32.ActiveCfg = Debug Multithreaded|Win32
		{0BB409A7-49BC-4707-BE54-20163DE41300}.Debug Multithreaded|Win32.Build.0 = Debug Multithreaded|Win32
		{0BB409A7-49BC-4707-BE54-20163DE41300}.Debug Multithreaded|x64.ActiveCfg = Debug Multithreaded|x64
		{0BB409A7-49BC-4707-BE54-20163DE41300}.Debug Multithreaded|x64.Build.0 = Debug Multithreaded|x64
		{0BB409A7-49BC-4707-BE54-20163DE41300}.Release Multithreaded DLL|Win32.ActiveCfg = Release Multithreaded DLL|Win32
		{0BB409A7-49BC-4707-BE54-20163DE41300}.Release Multithreaded DLL|Win32.Build.0 = Release Multithreaded DLL|Win32
		{0BB409A7-49BC-4707-BE54-20163DE41300}.Release Multithreaded DLL|x64.ActiveCfg = Release Multithreaded DLL|x64
		{0BB409A7-49BC-4707-BE54-20163DE41300}.Release Multithreaded DLL|x64.Build.0 = Release Multithreaded DLL|x64
		{0BB409A7-49BC-4707-BE54-20163DE41300}.Release Multithreaded pseudoUNIX|Win32.ActiveCfg = Release Multithreaded pseudoUNIX|Win32
		{0BB409A7-49BC-4707-BE54-20163DE41300}.Release Multithreaded pseudoUNIX|Win32.Build.0 = Release Multithreaded pseudoUNIX|Win32
		{0BB409A7-49BC-4707-BE54-20163DE41300}.Release Multithreaded pseudoUNIX|x64.ActiveCfg = Release Multithreaded pseudoUNIX|x64
		{0BB409A7-49BC-4707-BE54-20163DE41300}.Release Multithreaded pseudoUNIX|x64.Build.0 = Release Multithreaded pseudoUNIX|x64
		{0BB409A7-49BC-4707-BE54-20163DE41300}.Release Multithreaded|Win32.ActiveCfg = Release Multithreaded|Win32
		{0BB409A7-49BC-4707-BE54-20163DE41300}.Release Multithreaded|Win32.Build.0 = Release Multithreaded|Win32
		{0BB409A7-49BC-4707-BE54-20163DE41300}.Release Multithreaded|x64.ActiveCfg = Release Multithreaded|x64
		{0BB409A7-49BC-4707-BE54-20163DE41300}.Release Multithreaded|x64.Build.0 = Release Multithreaded|x64
		{0BB409A7-49BC-4707-BE54-20163DE41300}.Unicode Debug Multithreaded|Win32.ActiveCfg = Unicode Debug Multithreaded|Win32
		{0BB409A7-49BC-4707-BE54-20163DE41300}.Unicode Debug Multithreaded|Win32.Build.0 = Unicode Debug Multithreaded|Win32
		{0BB409A7-49BC-4707-BE54-20163DE41300}.Unicode Debug Multithreaded|x64.ActiveCfg = Unicode Debug Multithreaded|x64
		{0BB409A7-49BC-4707-BE54-20163DE41300}.Unicode Debug Multithreaded|x64.Build.0 = Unicode Debug Multithreaded|x64
		{0BB409A7-49BC-4707-BE54-20163DE41300}.Unicode Release Multithreaded|Win32.ActiveCfg = Unicode Release Multithreaded|Win32
		{0BB409A7-49BC-4707-BE54-20163DE41300}.Unicode Release Multithreaded|Win32.Build.0 = Unicode Release Multithreaded|Win32
		{0BB409A7-49BC-4707-BE54-20163DE41300}.Unicode Release Multithreaded|x64.ActiveCfg = Unicode Release Multithreaded|x64
		{0BB409A7-49BC-4707-BE54-20163DE41300}.Unicode Release Multithreaded|x64.Build.0 = Unicode Release Multithreaded|x64
		{8399C78F-6A41-488A-BA1A-AE1B0A790C23}.Debug Multithreaded DLL|Win32.ActiveCfg = Debug Multithreaded DLL|Win32
		{8399C78F-6A41-488A-BA1A-AE1B0A790C23}.Debug Multithreaded DLL|Win32.Build.0 = Debug Multithreaded DLL|Win32
		{8399C78F-6A41-488A-BA1A-AE1B0A790C23}.Debug Multithreaded DLL|x64.ActiveCfg = Debug Multithreaded DLL|x64
		{8399C78F-6A41-488A-BA1A-AE1B0A790C23}.Debug Multithreaded DLL|x64.Build.0 = Debug Multithreaded DLL|x64
		{8399C78F-6A41-488A-BA1A-AE1B0A790C23}.Debug Multithreaded pseudoUNIX|Win32.ActiveCfg = Debug Multithreaded DLL|Win32
		{8399C78F-6A41-488A-BA1A-AE1B0A790C23}.Debug Multithreaded pseudoUNIX|x64.ActiveCfg = Debug Multithreaded DLL|x64
		{8399C78F-6A41-488A-BA1A-AE1B0A790C23}.Debug Multithreaded|Win32.ActiveCfg = Debug Multithreaded|Win32
		{8399C78F-6A41-488A-BA1A-AE1B0A790C23}.Debug Multithreaded|Win32.Build.0 = Debug Multithreaded|Win32
		{8399C78F-6A41-488A-BA1A-AE1B0A790C23}.Debug Multithreaded|x64.ActiveCfg = Debug Multithreaded|x64
		{8399C78F-6A41-488A-BA1A-AE1B0A790C23}.Debug Multithreaded|x64.Build.0 = Debug Multithreaded|x64
		{8399C78F-6A41-488A-BA1A-AE1B0A790C23}.Release Multithreaded DLL|Win32.ActiveCfg = Release Multithreaded DLL|Win32
		{8399C78F-6A41-488A-BA1A-AE1B0A790C23}.Release Multithreaded DLL|Win32.Build.0 = Release Multithreaded DLL|Win32
		{8399C78F-6A41-488A-BA1A-AE1B0A790C23}.Release Multithreaded DLL|x64.ActiveCfg = Release Multithreaded DLL|x64
		{8399C78F-6A41-488A-BA1A-AE1B0A790C23}.Release Multithreaded DLL|x64.Build.0 = Release Multithreaded DLL|x64
		{8399C78F-6A41-488A-BA1A-AE1B0A790C23}.Release Multithreaded pseudoUNIX|Win32.ActiveCfg = Release Multithreaded pseudoUNIX|Win32
		{8399C78F-6A41-488A-BA1A-AE1B0A790C23}.Release Multithreaded pseudoUNIX|Win32.Build.0 = Release Multithreaded pseudoUNIX|Win32
		{8399C78F-6A41-488A-BA1A-AE1B0A790C23}.Release Multithreaded pseudoUNIX|x64.ActiveCfg = Release Multithreaded pseudoUNIX|x64
		{8399C78F-6A41-488A-BA1A-AE1B0A790C23}.Release Multithreaded pseudoUNIX|x64.Build.0 = Release Multithreaded pseudoUNIX|x64
		{8399C78F-6A41-488A-BA1A-AE1B0A790C23}.Release Multithreaded|Win32.ActiveCfg = Release Multithreaded|Win32
		{8399C78F-6A41-488A-BA1A-AE1B0A790C23}.Release Multithreaded|Win32.Build.0 = Release Multithreaded|Win32
		{8399C78F-6A41-488A-BA1A-AE1B0A790C23}.Release Multithreaded|x64.ActiveCfg = Release Multithreaded|x64
		{8399C78F-6A41-488A-BA1A-AE1B0A790C23}.Release Multithreaded|x64.Build.0 = Release Multithreaded|x64
		{8399C78F-6A41-488A-BA1A-AE1B0A790C23}.Unicode Debug Multithreaded|Win32.ActiveCfg = Unicode Debug Multithreaded|Win32
		{8399C78F-6A41-488A-BA1A-AE1B0A790C23}.Unicode Debug Multithreaded|Win32.Build.0 = Unicode Debug Multithreaded|Win32
		{8399C78F-6A41-488A-BA1A-AE1B0A790C23}.Unicode Debug Multithreaded|x64.ActiveCfg = Unicode Debug Multithreaded|x64
		{8399C78F-6A41-488A-BA1A-AE1B0A790C23}.Unicode Debug Multithreaded|x64.Build.0 = Unicode Debug Multithreaded|x64
		{8399C78F-6A41-488A-BA1A-AE1B0A790C23}.Unicode Release Multithreaded|Win32.ActiveCfg = Unicode Release Multithreaded|Win32
		{8399C78F-6A41-488A-BA1A-AE1B0A790C23}.Unicode Release Multithreaded|Win32.Build.0 = Unicode Release Multithreaded|Win32
		{8399C78F-6A41-488A-BA1A-AE1B0A790C23}.Unicode Release Multithreaded|x64.ActiveCfg = Unicode Release Multithreaded|x64
		{8399C78F-6A41-488A-BA1A-AE1B0A790C23}.Unicode Release Multithreaded|x64.Build.0 = Unicode Release Multithreaded|x64
	EndGlobalSection
	GlobalSection(SolutionProperties) = preSolution
		HideSolutionNode = FALSE
	EndGlobalSection
	GlobalSection(NestedProjects) = preSolution
		{B3B93938-D299-8534-AD2A-702C0E0297EC} = {03C49B5E-F29C-4F7E-B871-72BD6D7D4C3B}
		{787F9EBD-9E69-49D3-8C64-0A5291B3EAD1} = {AD08C587-5F73-4144-ACE9-7282169536E9}
		{32721009-EC01-419F-BFB6-A017272B40C5} = {787F9EBD-9E69-49D3-8C64-0A5291B3EAD1}
		{FD022BEA-4F2A-417C-80A4-8ACA0797325C} = {0A74A981-4078-4E04-844E-5BCE9BDF655B}
		{1FB80BDC-D2C0-462A-A36B-3D4D5D0411E1} = {0A74A981-4078-4E04-844E-5BCE9BDF655B}
		{17B99003-A5AD-4790-99AA-9069F0FB6EB7} = {0A74A981-4078-4E04-844E-5BCE9BDF655B}
		{DA9C49A8-E572-4732-B56A-25422A3E4C30} = {FD022BEA-4F2A-417C-80A4-8ACA0797325C}
		{D5AC8F4D-06F0-4C4C-901E-4DD0D0F129DD} = {FD022BEA-4F2A-417C-80A4-8ACA0797325C}
		{94B54AC2-9587-43F0-A468-DA6B6CB65F6C} = {1FB80BDC-D2C0-462A-A36B-3D4D5D0411E1}
		{F0F3F95F-7C30-45B2-A538-AD1A988B01EC} = {1FB80BDC-D2C0-462A-A36B-3D4D5D0411E1}
		{E0DE2C61-D884-4C32-9FD2-22FFCEE754D9} = {1FB80BDC-D2C0-462A-A36B-3D4D5D0411E1}
		{0316ABF0-7644-4687-BD62-9D7EB14D6B61} = {1FB80BDC-D2C0-462A-A36B-3D4D5D0411E1}
		{7F09B064-AAEE-4307-9CA8-02E820ECFFBA} = {1FB80BDC-D2C0-462A-A36B-3D4D5D0411E1}
		{6BF5689D-6E8B-4D59-9E61-9CCA46B4D6CD} = {17B99003-A5AD-4790-99AA-9069F0FB6EB7}
		{EEC739DC-2B38-4D1D-A817-D998CCCEF5FD} = {17B99003-A5AD-4790-99AA-9069F0FB6EB7}
		{0BB409A7-49BC-4707-BE54-20163DE41300} = {17B99003-A5AD-4790-99AA-9069F0FB6EB7}
		{8399C78F-6A41-488A-BA1A-AE1B0A790C23} = {17B99003-A5AD-4790-99AA-9069F0FB6EB7}
	EndGlobalSection
EndGlobal
