<?xml version="1.0" encoding="utf-8"?>
<Project ToolsVersion="4.0" xmlns="http://schemas.microsoft.com/developer/msbuild/2003">
  <ItemGroup>
    <ClCompile Include="..\implicit_link.c">
      <Filter>Source Files</Filter>
    </ClCompile>
    <ClCompile Include="..\test.scratch.auto_buffer.c">
      <Filter>Source Files</Filter>
    </ClCompile>
  </ItemGroup>
  <ItemGroup>
    <ClInclude Include="../../../include\cstring\implicit_link.h">
      <Filter>Header Files\include\cstring</Filter>
    </ClInclude>
    <ClInclude Include="../../../../include\cstring\cstring.h">
      <Filter>Header Files\include\cstring</Filter>
    </ClInclude>
    <ClInclude Include="../../../../include\cstring\implicit_link.h">
      <Filter>Header Files\include\cstring</Filter>
    </ClInclude>
  </ItemGroup>
  <ItemGroup>
    <Filter Include="Header Files">
      <UniqueIdentifier>{93995380-89BD-4b04-88EB-625FBE52EBFB}</UniqueIdentifier>
      <Extensions>h;hpp;hxx;hm;inl;inc;xsd</Extensions>
    </Filter>
    <Filter Include="Header Files\include">
      <UniqueIdentifier>{f51fe78a-6b4d-4e56-93d1-d680124a5731}</UniqueIdentifier>
    </Filter>
    <Filter Include="Header Files\include\cstring">
      <UniqueIdentifier>{37e703f0-23f6-4608-8c41-4a508cf502bb}</UniqueIdentifier>
    </Filter>
    <Filter Include="Source Files">
      <UniqueIdentifier>{4FC737F1-C7A5-4376-A066-2A32D752A2FF}</UniqueIdentifier>
      <Extensions>cpp;c;cc;cxx;def;odl;idl;hpj;bat;asm;asmx</Extensions>
    </Filter>
  </ItemGroup>
</Project>